// !$*UTF8*$!
{
	archiveVersion = 1;
	classes = {
	};
	objectVersion = 51;
	objects = {

/* Begin PBXBuildFile section */
		4200207F254E5D6F00C56392 /* CustomConfiguration.swift in Sources */ = {isa = PBXBuildFile; fileRef = 4200207E254E5D6F00C56392 /* CustomConfiguration.swift */; };
		42426A75254DB9EA00ADC3EA /* DishCategoryCollectionViewCell.swift in Sources */ = {isa = PBXBuildFile; fileRef = 42426A74254DB9EA00ADC3EA /* DishCategoryCollectionViewCell.swift */; };
		42486E44253C1AA900C3BD41 /* AppDelegate.swift in Sources */ = {isa = PBXBuildFile; fileRef = 42486E43253C1AA900C3BD41 /* AppDelegate.swift */; };
		42486E46253C1AA900C3BD41 /* SceneDelegate.swift in Sources */ = {isa = PBXBuildFile; fileRef = 42486E45253C1AA900C3BD41 /* SceneDelegate.swift */; };
		42486E48253C1AA900C3BD41 /* LoginViewController.swift in Sources */ = {isa = PBXBuildFile; fileRef = 42486E47253C1AA900C3BD41 /* LoginViewController.swift */; };
		42486E4B253C1AA900C3BD41 /* Main.storyboard in Resources */ = {isa = PBXBuildFile; fileRef = 42486E49253C1AA900C3BD41 /* Main.storyboard */; };
		42486E4D253C1AAA00C3BD41 /* Assets.xcassets in Resources */ = {isa = PBXBuildFile; fileRef = 42486E4C253C1AAA00C3BD41 /* Assets.xcassets */; };
		42486E50253C1AAA00C3BD41 /* LaunchScreen.storyboard in Resources */ = {isa = PBXBuildFile; fileRef = 42486E4E253C1AAA00C3BD41 /* LaunchScreen.storyboard */; };
		42486E5B253C1AAA00C3BD41 /* KitchenAppTests.swift in Sources */ = {isa = PBXBuildFile; fileRef = 42486E5A253C1AAA00C3BD41 /* KitchenAppTests.swift */; };
		42486E66253C1AAA00C3BD41 /* KitchenAppUITests.swift in Sources */ = {isa = PBXBuildFile; fileRef = 42486E65253C1AAA00C3BD41 /* KitchenAppUITests.swift */; };
		4262F0252542BFCF0065537B /* GoogleService-Info.plist in Resources */ = {isa = PBXBuildFile; fileRef = 4262F0242542BFCF0065537B /* GoogleService-Info.plist */; };
		4262F02D2542C0DC0065537B /* Constants.swift in Sources */ = {isa = PBXBuildFile; fileRef = 4262F02C2542C0DC0065537B /* Constants.swift */; };
		4262F0322542C3560065537B /* AccountDetailsViewController.swift in Sources */ = {isa = PBXBuildFile; fileRef = 4262F0312542C3560065537B /* AccountDetailsViewController.swift */; };
		4262F0372542C3720065537B /* OrderHistoryViewController.swift in Sources */ = {isa = PBXBuildFile; fileRef = 4262F0362542C3720065537B /* OrderHistoryViewController.swift */; };
		4262F03C2542C3850065537B /* CurrentOrdersViewController.swift in Sources */ = {isa = PBXBuildFile; fileRef = 4262F03B2542C3850065537B /* CurrentOrdersViewController.swift */; };
		4262F0412542C3B90065537B /* CurrentDishesViewController.swift in Sources */ = {isa = PBXBuildFile; fileRef = 4262F0402542C3B90065537B /* CurrentDishesViewController.swift */; };
		4262F0492542CBB50065537B /* CardView.swift in Sources */ = {isa = PBXBuildFile; fileRef = 4262F0482542CBB50065537B /* CardView.swift */; };
		4262F0562542D7D80065537B /* AccountDetailsStoryBoard.storyboard in Resources */ = {isa = PBXBuildFile; fileRef = 4262F0552542D7D80065537B /* AccountDetailsStoryBoard.storyboard */; };
		4262F05E2542D8C30065537B /* CurrentOrderStoryboard.storyboard in Resources */ = {isa = PBXBuildFile; fileRef = 4262F05D2542D8C30065537B /* CurrentOrderStoryboard.storyboard */; };
		4262F0662542D94E0065537B /* OrderHistoryStoryboard.storyboard in Resources */ = {isa = PBXBuildFile; fileRef = 4262F0652542D94E0065537B /* OrderHistoryStoryboard.storyboard */; };
		4262F06E2542DA500065537B /* CurrentDishesStoryboard.storyboard in Resources */ = {isa = PBXBuildFile; fileRef = 4262F06D2542DA500065537B /* CurrentDishesStoryboard.storyboard */; };
		4262F0732542DBE70065537B /* SignUpStoryboard.storyboard in Resources */ = {isa = PBXBuildFile; fileRef = 4262F0722542DBE70065537B /* SignUpStoryboard.storyboard */; };
		4262F07E2542E1930065537B /* SignUpViewController.swift in Sources */ = {isa = PBXBuildFile; fileRef = 4262F07D2542E1930065537B /* SignUpViewController.swift */; };
		4272F3A8254AA04B008BFE61 /* AddDishViewController.swift in Sources */ = {isa = PBXBuildFile; fileRef = 4272F3A7254AA04A008BFE61 /* AddDishViewController.swift */; };
		4272F3AD254AA062008BFE61 /* AddDishStoryboard.storyboard in Resources */ = {isa = PBXBuildFile; fileRef = 4272F3AC254AA062008BFE61 /* AddDishStoryboard.storyboard */; };
		4272F3B7254AA115008BFE61 /* NewDishViewController.swift in Sources */ = {isa = PBXBuildFile; fileRef = 4272F3B6254AA115008BFE61 /* NewDishViewController.swift */; };
		4272F3BC254AA121008BFE61 /* NewDishStoryboard.storyboard in Resources */ = {isa = PBXBuildFile; fileRef = 4272F3BB254AA121008BFE61 /* NewDishStoryboard.storyboard */; };
		4272F3C9254AF739008BFE61 /* DishResults.swift in Sources */ = {isa = PBXBuildFile; fileRef = 4272F3C8254AF739008BFE61 /* DishResults.swift */; };
		4272F3EB254B00AC008BFE61 /* Utilities.swift in Sources */ = {isa = PBXBuildFile; fileRef = 4272F3EA254B00AC008BFE61 /* Utilities.swift */; };
		4272F3F0254B0124008BFE61 /* NewDishTableViewCell.swift in Sources */ = {isa = PBXBuildFile; fileRef = 4272F3EF254B0124008BFE61 /* NewDishTableViewCell.swift */; };
		4276D903255BE5BB00804EE8 /* DatabaseController.swift in Sources */ = {isa = PBXBuildFile; fileRef = 4276D902255BE5BB00804EE8 /* DatabaseController.swift */; };
		4276D909255BE74200804EE8 /* DishesCoredata.xcdatamodeld in Sources */ = {isa = PBXBuildFile; fileRef = 4276D907255BE74200804EE8 /* DishesCoredata.xcdatamodeld */; };
		4276D923255BEB0500804EE8 /* DishesCoreDataEntity+CoreDataClass.swift in Sources */ = {isa = PBXBuildFile; fileRef = 4276D921255BEB0500804EE8 /* DishesCoreDataEntity+CoreDataClass.swift */; };
		4276D924255BEB0500804EE8 /* DishesCoreDataEntity+CoreDataProperties.swift in Sources */ = {isa = PBXBuildFile; fileRef = 4276D922255BEB0500804EE8 /* DishesCoreDataEntity+CoreDataProperties.swift */; };
		42B9D2F92563E17C0082BE46 /* AccountTableViewImageCell.swift in Sources */ = {isa = PBXBuildFile; fileRef = 42B9D2F82563E17B0082BE46 /* AccountTableViewImageCell.swift */; };
		42BCEEE52553D85500DA7408 /* User.swift in Sources */ = {isa = PBXBuildFile; fileRef = 42BCEEE42553D85500DA7408 /* User.swift */; };
		42BCEEEB255445DF00DA7408 /* HomeKitchenFormViewController.swift in Sources */ = {isa = PBXBuildFile; fileRef = 42BCEEEA255445DF00DA7408 /* HomeKitchenFormViewController.swift */; };
		42BCEEF02554464700DA7408 /* HomeKitchenFormStoryboard.storyboard in Resources */ = {isa = PBXBuildFile; fileRef = 42BCEEEF2554464700DA7408 /* HomeKitchenFormStoryboard.storyboard */; };
		42C42E54255A75F3004EE40D /* ResponseDelegate.swift in Sources */ = {isa = PBXBuildFile; fileRef = 42C42E53255A75F3004EE40D /* ResponseDelegate.swift */; };
		42D189DE25583DFC003CAF5C /* CurrentDishesTableViewCell.swift in Sources */ = {isa = PBXBuildFile; fileRef = 42D189DD25583DFC003CAF5C /* CurrentDishesTableViewCell.swift */; };
		42D713D625525A2600193A49 /* DishInformation.swift in Sources */ = {isa = PBXBuildFile; fileRef = 42D713D525525A2600193A49 /* DishInformation.swift */; };
		42D713DB2552FF3400193A49 /* HomeKitchen.swift in Sources */ = {isa = PBXBuildFile; fileRef = 42D713DA2552FF3400193A49 /* HomeKitchen.swift */; };
		42D713E025530C5600193A49 /* FromStoryboard.storyboard in Resources */ = {isa = PBXBuildFile; fileRef = 42D713DF25530C5600193A49 /* FromStoryboard.storyboard */; };
		42D713E525530C7200193A49 /* FormViewController.swift in Sources */ = {isa = PBXBuildFile; fileRef = 42D713E425530C7200193A49 /* FormViewController.swift */; };
		42D713ED2553108800193A49 /* AccounTableViewCell.swift in Sources */ = {isa = PBXBuildFile; fileRef = 42D713EC2553108800193A49 /* AccounTableViewCell.swift */; };
		42D83C7A25594E3300C4D1F7 /* CustomTextField.swift in Sources */ = {isa = PBXBuildFile; fileRef = 42D83C7925594E3300C4D1F7 /* CustomTextField.swift */; };
		42D83C9025597A4A00C4D1F7 /* NewDishCollectionViewCell.swift in Sources */ = {isa = PBXBuildFile; fileRef = 42D83C8F25597A4A00C4D1F7 /* NewDishCollectionViewCell.swift */; };
		87A6F08747A8EE740FD0C477 /* Pods_KitchenAppTests.framework in Frameworks */ = {isa = PBXBuildFile; fileRef = 43B223E95942399AE2E6A117 /* Pods_KitchenAppTests.framework */; };
		8CEE77239049B70DEE0D1FDD /* Pods_KitchenApp_KitchenAppUITests.framework in Frameworks */ = {isa = PBXBuildFile; fileRef = 82B4069D97AAF22F3C9480F0 /* Pods_KitchenApp_KitchenAppUITests.framework */; };
		B3AEB61844919C5BAE67A6C0 /* Pods_KitchenApp.framework in Frameworks */ = {isa = PBXBuildFile; fileRef = AC95EF068E6C763944F9C3CC /* Pods_KitchenApp.framework */; };
		BEC07E1525679EFD009EC62E /* SummaryViewController.swift in Sources */ = {isa = PBXBuildFile; fileRef = BEC07E1425679EFD009EC62E /* SummaryViewController.swift */; };
		BEC07E1A2567A133009EC62E /* SummaryLabel.storyboard in Resources */ = {isa = PBXBuildFile; fileRef = BEC07E192567A133009EC62E /* SummaryLabel.storyboard */; };
/* End PBXBuildFile section */

/* Begin PBXContainerItemProxy section */
		42486E57253C1AAA00C3BD41 /* PBXContainerItemProxy */ = {
			isa = PBXContainerItemProxy;
			containerPortal = 42486E38253C1AA900C3BD41 /* Project object */;
			proxyType = 1;
			remoteGlobalIDString = 42486E3F253C1AA900C3BD41;
			remoteInfo = KitchenApp;
		};
		42486E62253C1AAA00C3BD41 /* PBXContainerItemProxy */ = {
			isa = PBXContainerItemProxy;
			containerPortal = 42486E38253C1AA900C3BD41 /* Project object */;
			proxyType = 1;
			remoteGlobalIDString = 42486E3F253C1AA900C3BD41;
			remoteInfo = KitchenApp;
		};
/* End PBXContainerItemProxy section */

/* Begin PBXFileReference section */
		2D74C0EE69946F789A2A77E4 /* Pods-KitchenAppTests.release.xcconfig */ = {isa = PBXFileReference; includeInIndex = 1; lastKnownFileType = text.xcconfig; name = "Pods-KitchenAppTests.release.xcconfig"; path = "Target Support Files/Pods-KitchenAppTests/Pods-KitchenAppTests.release.xcconfig"; sourceTree = "<group>"; };
		4200207E254E5D6F00C56392 /* CustomConfiguration.swift */ = {isa = PBXFileReference; lastKnownFileType = sourcecode.swift; path = CustomConfiguration.swift; sourceTree = "<group>"; };
		42426A74254DB9EA00ADC3EA /* DishCategoryCollectionViewCell.swift */ = {isa = PBXFileReference; lastKnownFileType = sourcecode.swift; path = DishCategoryCollectionViewCell.swift; sourceTree = "<group>"; };
		42486E40253C1AA900C3BD41 /* KitchenApp.app */ = {isa = PBXFileReference; explicitFileType = wrapper.application; includeInIndex = 0; path = KitchenApp.app; sourceTree = BUILT_PRODUCTS_DIR; };
		42486E43253C1AA900C3BD41 /* AppDelegate.swift */ = {isa = PBXFileReference; lastKnownFileType = sourcecode.swift; path = AppDelegate.swift; sourceTree = "<group>"; };
		42486E45253C1AA900C3BD41 /* SceneDelegate.swift */ = {isa = PBXFileReference; lastKnownFileType = sourcecode.swift; path = SceneDelegate.swift; sourceTree = "<group>"; };
		42486E47253C1AA900C3BD41 /* LoginViewController.swift */ = {isa = PBXFileReference; lastKnownFileType = sourcecode.swift; path = LoginViewController.swift; sourceTree = "<group>"; };
		42486E4A253C1AA900C3BD41 /* Base */ = {isa = PBXFileReference; lastKnownFileType = file.storyboard; name = Base; path = Base.lproj/Main.storyboard; sourceTree = "<group>"; };
		42486E4C253C1AAA00C3BD41 /* Assets.xcassets */ = {isa = PBXFileReference; lastKnownFileType = folder.assetcatalog; path = Assets.xcassets; sourceTree = "<group>"; };
		42486E4F253C1AAA00C3BD41 /* Base */ = {isa = PBXFileReference; lastKnownFileType = file.storyboard; name = Base; path = Base.lproj/LaunchScreen.storyboard; sourceTree = "<group>"; };
		42486E51253C1AAA00C3BD41 /* Info.plist */ = {isa = PBXFileReference; lastKnownFileType = text.plist.xml; path = Info.plist; sourceTree = "<group>"; };
		42486E56253C1AAA00C3BD41 /* KitchenAppTests.xctest */ = {isa = PBXFileReference; explicitFileType = wrapper.cfbundle; includeInIndex = 0; path = KitchenAppTests.xctest; sourceTree = BUILT_PRODUCTS_DIR; };
		42486E5A253C1AAA00C3BD41 /* KitchenAppTests.swift */ = {isa = PBXFileReference; lastKnownFileType = sourcecode.swift; path = KitchenAppTests.swift; sourceTree = "<group>"; };
		42486E5C253C1AAA00C3BD41 /* Info.plist */ = {isa = PBXFileReference; lastKnownFileType = text.plist.xml; path = Info.plist; sourceTree = "<group>"; };
		42486E61253C1AAA00C3BD41 /* KitchenAppUITests.xctest */ = {isa = PBXFileReference; explicitFileType = wrapper.cfbundle; includeInIndex = 0; path = KitchenAppUITests.xctest; sourceTree = BUILT_PRODUCTS_DIR; };
		42486E65253C1AAA00C3BD41 /* KitchenAppUITests.swift */ = {isa = PBXFileReference; lastKnownFileType = sourcecode.swift; path = KitchenAppUITests.swift; sourceTree = "<group>"; };
		42486E67253C1AAA00C3BD41 /* Info.plist */ = {isa = PBXFileReference; lastKnownFileType = text.plist.xml; path = Info.plist; sourceTree = "<group>"; };
		4262F0242542BFCF0065537B /* GoogleService-Info.plist */ = {isa = PBXFileReference; fileEncoding = 4; lastKnownFileType = text.plist.xml; path = "GoogleService-Info.plist"; sourceTree = "<group>"; };
		4262F02C2542C0DC0065537B /* Constants.swift */ = {isa = PBXFileReference; lastKnownFileType = sourcecode.swift; path = Constants.swift; sourceTree = "<group>"; };
		4262F0312542C3560065537B /* AccountDetailsViewController.swift */ = {isa = PBXFileReference; lastKnownFileType = sourcecode.swift; path = AccountDetailsViewController.swift; sourceTree = "<group>"; };
		4262F0362542C3720065537B /* OrderHistoryViewController.swift */ = {isa = PBXFileReference; lastKnownFileType = sourcecode.swift; path = OrderHistoryViewController.swift; sourceTree = "<group>"; };
		4262F03B2542C3850065537B /* CurrentOrdersViewController.swift */ = {isa = PBXFileReference; lastKnownFileType = sourcecode.swift; path = CurrentOrdersViewController.swift; sourceTree = "<group>"; };
		4262F0402542C3B90065537B /* CurrentDishesViewController.swift */ = {isa = PBXFileReference; lastKnownFileType = sourcecode.swift; path = CurrentDishesViewController.swift; sourceTree = "<group>"; };
		4262F0482542CBB50065537B /* CardView.swift */ = {isa = PBXFileReference; lastKnownFileType = sourcecode.swift; path = CardView.swift; sourceTree = "<group>"; };
		4262F0552542D7D80065537B /* AccountDetailsStoryBoard.storyboard */ = {isa = PBXFileReference; lastKnownFileType = file.storyboard; path = AccountDetailsStoryBoard.storyboard; sourceTree = "<group>"; };
		4262F05D2542D8C30065537B /* CurrentOrderStoryboard.storyboard */ = {isa = PBXFileReference; lastKnownFileType = file.storyboard; path = CurrentOrderStoryboard.storyboard; sourceTree = "<group>"; };
		4262F0652542D94E0065537B /* OrderHistoryStoryboard.storyboard */ = {isa = PBXFileReference; lastKnownFileType = file.storyboard; path = OrderHistoryStoryboard.storyboard; sourceTree = "<group>"; };
		4262F06D2542DA500065537B /* CurrentDishesStoryboard.storyboard */ = {isa = PBXFileReference; lastKnownFileType = file.storyboard; path = CurrentDishesStoryboard.storyboard; sourceTree = "<group>"; };
		4262F0722542DBE70065537B /* SignUpStoryboard.storyboard */ = {isa = PBXFileReference; lastKnownFileType = file.storyboard; path = SignUpStoryboard.storyboard; sourceTree = "<group>"; };
		4262F07D2542E1930065537B /* SignUpViewController.swift */ = {isa = PBXFileReference; lastKnownFileType = sourcecode.swift; path = SignUpViewController.swift; sourceTree = "<group>"; };
		4272F3A7254AA04A008BFE61 /* AddDishViewController.swift */ = {isa = PBXFileReference; lastKnownFileType = sourcecode.swift; path = AddDishViewController.swift; sourceTree = "<group>"; };
		4272F3AC254AA062008BFE61 /* AddDishStoryboard.storyboard */ = {isa = PBXFileReference; lastKnownFileType = file.storyboard; path = AddDishStoryboard.storyboard; sourceTree = "<group>"; };
		4272F3B6254AA115008BFE61 /* NewDishViewController.swift */ = {isa = PBXFileReference; lastKnownFileType = sourcecode.swift; path = NewDishViewController.swift; sourceTree = "<group>"; };
		4272F3BB254AA121008BFE61 /* NewDishStoryboard.storyboard */ = {isa = PBXFileReference; lastKnownFileType = file.storyboard; path = NewDishStoryboard.storyboard; sourceTree = "<group>"; };
		4272F3C8254AF739008BFE61 /* DishResults.swift */ = {isa = PBXFileReference; lastKnownFileType = sourcecode.swift; path = DishResults.swift; sourceTree = "<group>"; };
		4272F3EA254B00AC008BFE61 /* Utilities.swift */ = {isa = PBXFileReference; lastKnownFileType = sourcecode.swift; path = Utilities.swift; sourceTree = "<group>"; };
		4272F3EF254B0124008BFE61 /* NewDishTableViewCell.swift */ = {isa = PBXFileReference; lastKnownFileType = sourcecode.swift; path = NewDishTableViewCell.swift; sourceTree = "<group>"; };
		4276D902255BE5BB00804EE8 /* DatabaseController.swift */ = {isa = PBXFileReference; lastKnownFileType = sourcecode.swift; path = DatabaseController.swift; sourceTree = "<group>"; };
		4276D908255BE74200804EE8 /* Dishes.xcdatamodel */ = {isa = PBXFileReference; lastKnownFileType = wrapper.xcdatamodel; path = Dishes.xcdatamodel; sourceTree = "<group>"; };
		4276D921255BEB0500804EE8 /* DishesCoreDataEntity+CoreDataClass.swift */ = {isa = PBXFileReference; lastKnownFileType = sourcecode.swift; path = "DishesCoreDataEntity+CoreDataClass.swift"; sourceTree = "<group>"; };
		4276D922255BEB0500804EE8 /* DishesCoreDataEntity+CoreDataProperties.swift */ = {isa = PBXFileReference; lastKnownFileType = sourcecode.swift; path = "DishesCoreDataEntity+CoreDataProperties.swift"; sourceTree = "<group>"; };
		42B9D2F82563E17B0082BE46 /* AccountTableViewImageCell.swift */ = {isa = PBXFileReference; lastKnownFileType = sourcecode.swift; path = AccountTableViewImageCell.swift; sourceTree = "<group>"; };
		42BCEEE42553D85500DA7408 /* User.swift */ = {isa = PBXFileReference; lastKnownFileType = sourcecode.swift; path = User.swift; sourceTree = "<group>"; };
		42BCEEEA255445DF00DA7408 /* HomeKitchenFormViewController.swift */ = {isa = PBXFileReference; lastKnownFileType = sourcecode.swift; path = HomeKitchenFormViewController.swift; sourceTree = "<group>"; };
		42BCEEEF2554464700DA7408 /* HomeKitchenFormStoryboard.storyboard */ = {isa = PBXFileReference; lastKnownFileType = file.storyboard; path = HomeKitchenFormStoryboard.storyboard; sourceTree = "<group>"; };
		42C42E53255A75F3004EE40D /* ResponseDelegate.swift */ = {isa = PBXFileReference; lastKnownFileType = sourcecode.swift; path = ResponseDelegate.swift; sourceTree = "<group>"; };
		42D189DD25583DFC003CAF5C /* CurrentDishesTableViewCell.swift */ = {isa = PBXFileReference; lastKnownFileType = sourcecode.swift; path = CurrentDishesTableViewCell.swift; sourceTree = "<group>"; };
		42D713D525525A2600193A49 /* DishInformation.swift */ = {isa = PBXFileReference; lastKnownFileType = sourcecode.swift; path = DishInformation.swift; sourceTree = "<group>"; };
		42D713DA2552FF3400193A49 /* HomeKitchen.swift */ = {isa = PBXFileReference; lastKnownFileType = sourcecode.swift; path = HomeKitchen.swift; sourceTree = "<group>"; };
		42D713DF25530C5600193A49 /* FromStoryboard.storyboard */ = {isa = PBXFileReference; lastKnownFileType = file.storyboard; path = FromStoryboard.storyboard; sourceTree = "<group>"; };
		42D713E425530C7200193A49 /* FormViewController.swift */ = {isa = PBXFileReference; lastKnownFileType = sourcecode.swift; path = FormViewController.swift; sourceTree = "<group>"; };
		42D713EC2553108800193A49 /* AccounTableViewCell.swift */ = {isa = PBXFileReference; lastKnownFileType = sourcecode.swift; path = AccounTableViewCell.swift; sourceTree = "<group>"; };
		42D83C7925594E3300C4D1F7 /* CustomTextField.swift */ = {isa = PBXFileReference; lastKnownFileType = sourcecode.swift; path = CustomTextField.swift; sourceTree = "<group>"; };
		42D83C8F25597A4A00C4D1F7 /* NewDishCollectionViewCell.swift */ = {isa = PBXFileReference; lastKnownFileType = sourcecode.swift; path = NewDishCollectionViewCell.swift; sourceTree = "<group>"; };
		43B223E95942399AE2E6A117 /* Pods_KitchenAppTests.framework */ = {isa = PBXFileReference; explicitFileType = wrapper.framework; includeInIndex = 0; path = Pods_KitchenAppTests.framework; sourceTree = BUILT_PRODUCTS_DIR; };
		4C1AF183C5CE9DD63EA17CD9 /* Pods-KitchenApp.release.xcconfig */ = {isa = PBXFileReference; includeInIndex = 1; lastKnownFileType = text.xcconfig; name = "Pods-KitchenApp.release.xcconfig"; path = "Target Support Files/Pods-KitchenApp/Pods-KitchenApp.release.xcconfig"; sourceTree = "<group>"; };
		82B4069D97AAF22F3C9480F0 /* Pods_KitchenApp_KitchenAppUITests.framework */ = {isa = PBXFileReference; explicitFileType = wrapper.framework; includeInIndex = 0; path = Pods_KitchenApp_KitchenAppUITests.framework; sourceTree = BUILT_PRODUCTS_DIR; };
		A9C80F026371BFD544D509E3 /* Pods-KitchenApp.debug.xcconfig */ = {isa = PBXFileReference; includeInIndex = 1; lastKnownFileType = text.xcconfig; name = "Pods-KitchenApp.debug.xcconfig"; path = "Target Support Files/Pods-KitchenApp/Pods-KitchenApp.debug.xcconfig"; sourceTree = "<group>"; };
		AC95EF068E6C763944F9C3CC /* Pods_KitchenApp.framework */ = {isa = PBXFileReference; explicitFileType = wrapper.framework; includeInIndex = 0; path = Pods_KitchenApp.framework; sourceTree = BUILT_PRODUCTS_DIR; };
		BEC07E1425679EFD009EC62E /* SummaryViewController.swift */ = {isa = PBXFileReference; lastKnownFileType = sourcecode.swift; path = SummaryViewController.swift; sourceTree = "<group>"; };
		BEC07E192567A133009EC62E /* SummaryLabel.storyboard */ = {isa = PBXFileReference; lastKnownFileType = file.storyboard; path = SummaryLabel.storyboard; sourceTree = "<group>"; };
		DDDEF6CADD8162521C42257A /* Pods-KitchenApp-KitchenAppUITests.debug.xcconfig */ = {isa = PBXFileReference; includeInIndex = 1; lastKnownFileType = text.xcconfig; name = "Pods-KitchenApp-KitchenAppUITests.debug.xcconfig"; path = "Target Support Files/Pods-KitchenApp-KitchenAppUITests/Pods-KitchenApp-KitchenAppUITests.debug.xcconfig"; sourceTree = "<group>"; };
		F730A302D0174ABC57AD07E5 /* Pods-KitchenAppTests.debug.xcconfig */ = {isa = PBXFileReference; includeInIndex = 1; lastKnownFileType = text.xcconfig; name = "Pods-KitchenAppTests.debug.xcconfig"; path = "Target Support Files/Pods-KitchenAppTests/Pods-KitchenAppTests.debug.xcconfig"; sourceTree = "<group>"; };
		FC10A8C29B14F3862E264F50 /* Pods-KitchenApp-KitchenAppUITests.release.xcconfig */ = {isa = PBXFileReference; includeInIndex = 1; lastKnownFileType = text.xcconfig; name = "Pods-KitchenApp-KitchenAppUITests.release.xcconfig"; path = "Target Support Files/Pods-KitchenApp-KitchenAppUITests/Pods-KitchenApp-KitchenAppUITests.release.xcconfig"; sourceTree = "<group>"; };
/* End PBXFileReference section */

/* Begin PBXFrameworksBuildPhase section */
		42486E3D253C1AA900C3BD41 /* Frameworks */ = {
			isa = PBXFrameworksBuildPhase;
			buildActionMask = 2147483647;
			files = (
				B3AEB61844919C5BAE67A6C0 /* Pods_KitchenApp.framework in Frameworks */,
			);
			runOnlyForDeploymentPostprocessing = 0;
		};
		42486E53253C1AAA00C3BD41 /* Frameworks */ = {
			isa = PBXFrameworksBuildPhase;
			buildActionMask = 2147483647;
			files = (
				87A6F08747A8EE740FD0C477 /* Pods_KitchenAppTests.framework in Frameworks */,
			);
			runOnlyForDeploymentPostprocessing = 0;
		};
		42486E5E253C1AAA00C3BD41 /* Frameworks */ = {
			isa = PBXFrameworksBuildPhase;
			buildActionMask = 2147483647;
			files = (
				8CEE77239049B70DEE0D1FDD /* Pods_KitchenApp_KitchenAppUITests.framework in Frameworks */,
			);
			runOnlyForDeploymentPostprocessing = 0;
		};
/* End PBXFrameworksBuildPhase section */

/* Begin PBXGroup section */
		42426A73254DB9BB00ADC3EA /* CollectionViewCell */ = {
			isa = PBXGroup;
			children = (
				42426A74254DB9EA00ADC3EA /* DishCategoryCollectionViewCell.swift */,
				42D83C8F25597A4A00C4D1F7 /* NewDishCollectionViewCell.swift */,
			);
			path = CollectionViewCell;
			sourceTree = "<group>";
		};
		42486E37253C1AA900C3BD41 = {
			isa = PBXGroup;
			children = (
				42486E42253C1AA900C3BD41 /* KitchenApp */,
				42486E59253C1AAA00C3BD41 /* KitchenAppTests */,
				42486E64253C1AAA00C3BD41 /* KitchenAppUITests */,
				42486E41253C1AA900C3BD41 /* Products */,
				C1A80C482E11F75FAB5072AD /* Pods */,
				4FAB5359B0D8C206A9A250B7 /* Frameworks */,
			);
			sourceTree = "<group>";
		};
		42486E41253C1AA900C3BD41 /* Products */ = {
			isa = PBXGroup;
			children = (
				42486E40253C1AA900C3BD41 /* KitchenApp.app */,
				42486E56253C1AAA00C3BD41 /* KitchenAppTests.xctest */,
				42486E61253C1AAA00C3BD41 /* KitchenAppUITests.xctest */,
			);
			name = Products;
			sourceTree = "<group>";
		};
		42486E42253C1AA900C3BD41 /* KitchenApp */ = {
			isa = PBXGroup;
			children = (
				4276D8FC255BE54F00804EE8 /* Database */,
				42426A73254DB9BB00ADC3EA /* CollectionViewCell */,
				4272F3C3254AA4BA008BFE61 /* TableViewCells */,
				4262F0232542BEF70065537B /* Models */,
				4262F0222542BEEC0065537B /* Utilities */,
				4262F01F2542BEB80065537B /* Delegates */,
				4262F0212542BECC0065537B /* ViewControllers */,
				42486E43253C1AA900C3BD41 /* AppDelegate.swift */,
				42486E45253C1AA900C3BD41 /* SceneDelegate.swift */,
				42486E47253C1AA900C3BD41 /* LoginViewController.swift */,
				42486E49253C1AA900C3BD41 /* Main.storyboard */,
				42486E4C253C1AAA00C3BD41 /* Assets.xcassets */,
				42486E4E253C1AAA00C3BD41 /* LaunchScreen.storyboard */,
				42486E51253C1AAA00C3BD41 /* Info.plist */,
				4262F0242542BFCF0065537B /* GoogleService-Info.plist */,
				4276D907255BE74200804EE8 /* DishesCoredata.xcdatamodeld */,
			);
			path = KitchenApp;
			sourceTree = "<group>";
		};
		42486E59253C1AAA00C3BD41 /* KitchenAppTests */ = {
			isa = PBXGroup;
			children = (
				42486E5A253C1AAA00C3BD41 /* KitchenAppTests.swift */,
				42486E5C253C1AAA00C3BD41 /* Info.plist */,
			);
			path = KitchenAppTests;
			sourceTree = "<group>";
		};
		42486E64253C1AAA00C3BD41 /* KitchenAppUITests */ = {
			isa = PBXGroup;
			children = (
				42486E65253C1AAA00C3BD41 /* KitchenAppUITests.swift */,
				42486E67253C1AAA00C3BD41 /* Info.plist */,
			);
			path = KitchenAppUITests;
			sourceTree = "<group>";
		};
		4262F01F2542BEB80065537B /* Delegates */ = {
			isa = PBXGroup;
			children = (
				42C42E53255A75F3004EE40D /* ResponseDelegate.swift */,
			);
			path = Delegates;
			sourceTree = "<group>";
		};
		4262F0212542BECC0065537B /* ViewControllers */ = {
			isa = PBXGroup;
			children = (
				4262F0312542C3560065537B /* AccountDetailsViewController.swift */,
				4262F0552542D7D80065537B /* AccountDetailsStoryBoard.storyboard */,
				4262F0362542C3720065537B /* OrderHistoryViewController.swift */,
				4262F0652542D94E0065537B /* OrderHistoryStoryboard.storyboard */,
				4262F03B2542C3850065537B /* CurrentOrdersViewController.swift */,
				4262F05D2542D8C30065537B /* CurrentOrderStoryboard.storyboard */,
				4262F0402542C3B90065537B /* CurrentDishesViewController.swift */,
				4262F06D2542DA500065537B /* CurrentDishesStoryboard.storyboard */,
				4262F07D2542E1930065537B /* SignUpViewController.swift */,
				4262F0722542DBE70065537B /* SignUpStoryboard.storyboard */,
				4272F3A7254AA04A008BFE61 /* AddDishViewController.swift */,
				4272F3AC254AA062008BFE61 /* AddDishStoryboard.storyboard */,
				4272F3B6254AA115008BFE61 /* NewDishViewController.swift */,
				4272F3BB254AA121008BFE61 /* NewDishStoryboard.storyboard */,
				42D713E425530C7200193A49 /* FormViewController.swift */,
				42D713DF25530C5600193A49 /* FromStoryboard.storyboard */,
				42BCEEEA255445DF00DA7408 /* HomeKitchenFormViewController.swift */,
				42BCEEEF2554464700DA7408 /* HomeKitchenFormStoryboard.storyboard */,
				BEC07E1425679EFD009EC62E /* SummaryViewController.swift */,
				BEC07E192567A133009EC62E /* SummaryLabel.storyboard */,
			);
			path = ViewControllers;
			sourceTree = "<group>";
		};
		4262F0222542BEEC0065537B /* Utilities */ = {
			isa = PBXGroup;
			children = (
				4262F02C2542C0DC0065537B /* Constants.swift */,
				4262F0482542CBB50065537B /* CardView.swift */,
				4272F3EA254B00AC008BFE61 /* Utilities.swift */,
				4200207E254E5D6F00C56392 /* CustomConfiguration.swift */,
				42D83C7925594E3300C4D1F7 /* CustomTextField.swift */,
			);
			path = Utilities;
			sourceTree = "<group>";
		};
		4262F0232542BEF70065537B /* Models */ = {
			isa = PBXGroup;
			children = (
				4272F3C8254AF739008BFE61 /* DishResults.swift */,
				42D713D525525A2600193A49 /* DishInformation.swift */,
				42D713DA2552FF3400193A49 /* HomeKitchen.swift */,
				42BCEEE42553D85500DA7408 /* User.swift */,
			);
			path = Models;
			sourceTree = "<group>";
		};
		4272F3C3254AA4BA008BFE61 /* TableViewCells */ = {
			isa = PBXGroup;
			children = (
				4272F3EF254B0124008BFE61 /* NewDishTableViewCell.swift */,
				42D713EC2553108800193A49 /* AccounTableViewCell.swift */,
				42D189DD25583DFC003CAF5C /* CurrentDishesTableViewCell.swift */,
				42B9D2F82563E17B0082BE46 /* AccountTableViewImageCell.swift */,
			);
			path = TableViewCells;
			sourceTree = "<group>";
		};
		4276D8FC255BE54F00804EE8 /* Database */ = {
			isa = PBXGroup;
			children = (
				4276D8FE255BE57E00804EE8 /* Entities */,
				4276D8FD255BE56100804EE8 /* Controller */,
			);
			path = Database;
			sourceTree = "<group>";
		};
		4276D8FD255BE56100804EE8 /* Controller */ = {
			isa = PBXGroup;
			children = (
				4276D902255BE5BB00804EE8 /* DatabaseController.swift */,
			);
			path = Controller;
			sourceTree = "<group>";
		};
		4276D8FE255BE57E00804EE8 /* Entities */ = {
			isa = PBXGroup;
			children = (
				4276D921255BEB0500804EE8 /* DishesCoreDataEntity+CoreDataClass.swift */,
				4276D922255BEB0500804EE8 /* DishesCoreDataEntity+CoreDataProperties.swift */,
			);
			path = Entities;
			sourceTree = "<group>";
		};
		4FAB5359B0D8C206A9A250B7 /* Frameworks */ = {
			isa = PBXGroup;
			children = (
				AC95EF068E6C763944F9C3CC /* Pods_KitchenApp.framework */,
				82B4069D97AAF22F3C9480F0 /* Pods_KitchenApp_KitchenAppUITests.framework */,
				43B223E95942399AE2E6A117 /* Pods_KitchenAppTests.framework */,
			);
			name = Frameworks;
			sourceTree = "<group>";
		};
		C1A80C482E11F75FAB5072AD /* Pods */ = {
			isa = PBXGroup;
			children = (
				A9C80F026371BFD544D509E3 /* Pods-KitchenApp.debug.xcconfig */,
				4C1AF183C5CE9DD63EA17CD9 /* Pods-KitchenApp.release.xcconfig */,
				DDDEF6CADD8162521C42257A /* Pods-KitchenApp-KitchenAppUITests.debug.xcconfig */,
				FC10A8C29B14F3862E264F50 /* Pods-KitchenApp-KitchenAppUITests.release.xcconfig */,
				F730A302D0174ABC57AD07E5 /* Pods-KitchenAppTests.debug.xcconfig */,
				2D74C0EE69946F789A2A77E4 /* Pods-KitchenAppTests.release.xcconfig */,
			);
			path = Pods;
			sourceTree = "<group>";
		};
/* End PBXGroup section */

/* Begin PBXNativeTarget section */
		42486E3F253C1AA900C3BD41 /* KitchenApp */ = {
			isa = PBXNativeTarget;
			buildConfigurationList = 42486E6A253C1AAA00C3BD41 /* Build configuration list for PBXNativeTarget "KitchenApp" */;
			buildPhases = (
				845DF58A6ACCCF530EC67D0D /* [CP] Check Pods Manifest.lock */,
				42486E3C253C1AA900C3BD41 /* Sources */,
				42486E3D253C1AA900C3BD41 /* Frameworks */,
				42486E3E253C1AA900C3BD41 /* Resources */,
				6F89BA7822CE34F6C1FDEFA2 /* [CP] Embed Pods Frameworks */,
			);
			buildRules = (
			);
			dependencies = (
			);
			name = KitchenApp;
			productName = KitchenApp;
			productReference = 42486E40253C1AA900C3BD41 /* KitchenApp.app */;
			productType = "com.apple.product-type.application";
		};
		42486E55253C1AAA00C3BD41 /* KitchenAppTests */ = {
			isa = PBXNativeTarget;
			buildConfigurationList = 42486E6D253C1AAA00C3BD41 /* Build configuration list for PBXNativeTarget "KitchenAppTests" */;
			buildPhases = (
				82BEAD9BDCBE83A3AC38F9F5 /* [CP] Check Pods Manifest.lock */,
				42486E52253C1AAA00C3BD41 /* Sources */,
				42486E53253C1AAA00C3BD41 /* Frameworks */,
				42486E54253C1AAA00C3BD41 /* Resources */,
			);
			buildRules = (
			);
			dependencies = (
				42486E58253C1AAA00C3BD41 /* PBXTargetDependency */,
			);
			name = KitchenAppTests;
			productName = KitchenAppTests;
			productReference = 42486E56253C1AAA00C3BD41 /* KitchenAppTests.xctest */;
			productType = "com.apple.product-type.bundle.unit-test";
		};
		42486E60253C1AAA00C3BD41 /* KitchenAppUITests */ = {
			isa = PBXNativeTarget;
			buildConfigurationList = 42486E70253C1AAA00C3BD41 /* Build configuration list for PBXNativeTarget "KitchenAppUITests" */;
			buildPhases = (
				785D2BCA0D3ED0F0793B111D /* [CP] Check Pods Manifest.lock */,
				42486E5D253C1AAA00C3BD41 /* Sources */,
				42486E5E253C1AAA00C3BD41 /* Frameworks */,
				42486E5F253C1AAA00C3BD41 /* Resources */,
				738E4CC32A6C9368550C0254 /* [CP] Embed Pods Frameworks */,
			);
			buildRules = (
			);
			dependencies = (
				42486E63253C1AAA00C3BD41 /* PBXTargetDependency */,
			);
			name = KitchenAppUITests;
			productName = KitchenAppUITests;
			productReference = 42486E61253C1AAA00C3BD41 /* KitchenAppUITests.xctest */;
			productType = "com.apple.product-type.bundle.ui-testing";
		};
/* End PBXNativeTarget section */

/* Begin PBXProject section */
		42486E38253C1AA900C3BD41 /* Project object */ = {
			isa = PBXProject;
			attributes = {
				LastSwiftUpdateCheck = 1200;
				LastUpgradeCheck = 1200;
				TargetAttributes = {
					42486E3F253C1AA900C3BD41 = {
						CreatedOnToolsVersion = 12.0.1;
					};
					42486E55253C1AAA00C3BD41 = {
						CreatedOnToolsVersion = 12.0.1;
						TestTargetID = 42486E3F253C1AA900C3BD41;
					};
					42486E60253C1AAA00C3BD41 = {
						CreatedOnToolsVersion = 12.0.1;
						TestTargetID = 42486E3F253C1AA900C3BD41;
					};
				};
			};
			buildConfigurationList = 42486E3B253C1AA900C3BD41 /* Build configuration list for PBXProject "KitchenApp" */;
			compatibilityVersion = "Xcode 9.3";
			developmentRegion = en;
			hasScannedForEncodings = 0;
			knownRegions = (
				en,
				Base,
			);
			mainGroup = 42486E37253C1AA900C3BD41;
			productRefGroup = 42486E41253C1AA900C3BD41 /* Products */;
			projectDirPath = "";
			projectRoot = "";
			targets = (
				42486E3F253C1AA900C3BD41 /* KitchenApp */,
				42486E55253C1AAA00C3BD41 /* KitchenAppTests */,
				42486E60253C1AAA00C3BD41 /* KitchenAppUITests */,
			);
		};
/* End PBXProject section */

/* Begin PBXResourcesBuildPhase section */
		42486E3E253C1AA900C3BD41 /* Resources */ = {
			isa = PBXResourcesBuildPhase;
			buildActionMask = 2147483647;
			files = (
				42486E50253C1AAA00C3BD41 /* LaunchScreen.storyboard in Resources */,
				4262F06E2542DA500065537B /* CurrentDishesStoryboard.storyboard in Resources */,
				4262F0562542D7D80065537B /* AccountDetailsStoryBoard.storyboard in Resources */,
				4262F05E2542D8C30065537B /* CurrentOrderStoryboard.storyboard in Resources */,
				42486E4D253C1AAA00C3BD41 /* Assets.xcassets in Resources */,
				42486E4B253C1AA900C3BD41 /* Main.storyboard in Resources */,
				4262F0662542D94E0065537B /* OrderHistoryStoryboard.storyboard in Resources */,
				4262F0732542DBE70065537B /* SignUpStoryboard.storyboard in Resources */,
				BEC07E1A2567A133009EC62E /* SummaryLabel.storyboard in Resources */,
				42BCEEF02554464700DA7408 /* HomeKitchenFormStoryboard.storyboard in Resources */,
				4262F0252542BFCF0065537B /* GoogleService-Info.plist in Resources */,
				42D713E025530C5600193A49 /* FromStoryboard.storyboard in Resources */,
				4272F3BC254AA121008BFE61 /* NewDishStoryboard.storyboard in Resources */,
				4272F3AD254AA062008BFE61 /* AddDishStoryboard.storyboard in Resources */,
			);
			runOnlyForDeploymentPostprocessing = 0;
		};
		42486E54253C1AAA00C3BD41 /* Resources */ = {
			isa = PBXResourcesBuildPhase;
			buildActionMask = 2147483647;
			files = (
			);
			runOnlyForDeploymentPostprocessing = 0;
		};
		42486E5F253C1AAA00C3BD41 /* Resources */ = {
			isa = PBXResourcesBuildPhase;
			buildActionMask = 2147483647;
			files = (
			);
			runOnlyForDeploymentPostprocessing = 0;
		};
/* End PBXResourcesBuildPhase section */

/* Begin PBXShellScriptBuildPhase section */
		6F89BA7822CE34F6C1FDEFA2 /* [CP] Embed Pods Frameworks */ = {
			isa = PBXShellScriptBuildPhase;
			buildActionMask = 2147483647;
			files = (
			);
			inputFileListPaths = (
				"${PODS_ROOT}/Target Support Files/Pods-KitchenApp/Pods-KitchenApp-frameworks-${CONFIGURATION}-input-files.xcfilelist",
			);
			name = "[CP] Embed Pods Frameworks";
			outputFileListPaths = (
				"${PODS_ROOT}/Target Support Files/Pods-KitchenApp/Pods-KitchenApp-frameworks-${CONFIGURATION}-output-files.xcfilelist",
			);
			runOnlyForDeploymentPostprocessing = 0;
			shellPath = /bin/sh;
			shellScript = "\"${PODS_ROOT}/Target Support Files/Pods-KitchenApp/Pods-KitchenApp-frameworks.sh\"\n";
			showEnvVarsInLog = 0;
		};
		738E4CC32A6C9368550C0254 /* [CP] Embed Pods Frameworks */ = {
			isa = PBXShellScriptBuildPhase;
			buildActionMask = 2147483647;
			files = (
			);
			inputFileListPaths = (
				"${PODS_ROOT}/Target Support Files/Pods-KitchenApp-KitchenAppUITests/Pods-KitchenApp-KitchenAppUITests-frameworks-${CONFIGURATION}-input-files.xcfilelist",
			);
			name = "[CP] Embed Pods Frameworks";
			outputFileListPaths = (
				"${PODS_ROOT}/Target Support Files/Pods-KitchenApp-KitchenAppUITests/Pods-KitchenApp-KitchenAppUITests-frameworks-${CONFIGURATION}-output-files.xcfilelist",
			);
			runOnlyForDeploymentPostprocessing = 0;
			shellPath = /bin/sh;
			shellScript = "\"${PODS_ROOT}/Target Support Files/Pods-KitchenApp-KitchenAppUITests/Pods-KitchenApp-KitchenAppUITests-frameworks.sh\"\n";
			showEnvVarsInLog = 0;
		};
		785D2BCA0D3ED0F0793B111D /* [CP] Check Pods Manifest.lock */ = {
			isa = PBXShellScriptBuildPhase;
			buildActionMask = 2147483647;
			files = (
			);
			inputFileListPaths = (
			);
			inputPaths = (
				"${PODS_PODFILE_DIR_PATH}/Podfile.lock",
				"${PODS_ROOT}/Manifest.lock",
			);
			name = "[CP] Check Pods Manifest.lock";
			outputFileListPaths = (
			);
			outputPaths = (
				"$(DERIVED_FILE_DIR)/Pods-KitchenApp-KitchenAppUITests-checkManifestLockResult.txt",
			);
			runOnlyForDeploymentPostprocessing = 0;
			shellPath = /bin/sh;
			shellScript = "diff \"${PODS_PODFILE_DIR_PATH}/Podfile.lock\" \"${PODS_ROOT}/Manifest.lock\" > /dev/null\nif [ $? != 0 ] ; then\n    # print error to STDERR\n    echo \"error: The sandbox is not in sync with the Podfile.lock. Run 'pod install' or update your CocoaPods installation.\" >&2\n    exit 1\nfi\n# This output is used by Xcode 'outputs' to avoid re-running this script phase.\necho \"SUCCESS\" > \"${SCRIPT_OUTPUT_FILE_0}\"\n";
			showEnvVarsInLog = 0;
		};
		82BEAD9BDCBE83A3AC38F9F5 /* [CP] Check Pods Manifest.lock */ = {
			isa = PBXShellScriptBuildPhase;
			buildActionMask = 2147483647;
			files = (
			);
			inputFileListPaths = (
			);
			inputPaths = (
				"${PODS_PODFILE_DIR_PATH}/Podfile.lock",
				"${PODS_ROOT}/Manifest.lock",
			);
			name = "[CP] Check Pods Manifest.lock";
			outputFileListPaths = (
			);
			outputPaths = (
				"$(DERIVED_FILE_DIR)/Pods-KitchenAppTests-checkManifestLockResult.txt",
			);
			runOnlyForDeploymentPostprocessing = 0;
			shellPath = /bin/sh;
			shellScript = "diff \"${PODS_PODFILE_DIR_PATH}/Podfile.lock\" \"${PODS_ROOT}/Manifest.lock\" > /dev/null\nif [ $? != 0 ] ; then\n    # print error to STDERR\n    echo \"error: The sandbox is not in sync with the Podfile.lock. Run 'pod install' or update your CocoaPods installation.\" >&2\n    exit 1\nfi\n# This output is used by Xcode 'outputs' to avoid re-running this script phase.\necho \"SUCCESS\" > \"${SCRIPT_OUTPUT_FILE_0}\"\n";
			showEnvVarsInLog = 0;
		};
		845DF58A6ACCCF530EC67D0D /* [CP] Check Pods Manifest.lock */ = {
			isa = PBXShellScriptBuildPhase;
			buildActionMask = 2147483647;
			files = (
			);
			inputFileListPaths = (
			);
			inputPaths = (
				"${PODS_PODFILE_DIR_PATH}/Podfile.lock",
				"${PODS_ROOT}/Manifest.lock",
			);
			name = "[CP] Check Pods Manifest.lock";
			outputFileListPaths = (
			);
			outputPaths = (
				"$(DERIVED_FILE_DIR)/Pods-KitchenApp-checkManifestLockResult.txt",
			);
			runOnlyForDeploymentPostprocessing = 0;
			shellPath = /bin/sh;
			shellScript = "diff \"${PODS_PODFILE_DIR_PATH}/Podfile.lock\" \"${PODS_ROOT}/Manifest.lock\" > /dev/null\nif [ $? != 0 ] ; then\n    # print error to STDERR\n    echo \"error: The sandbox is not in sync with the Podfile.lock. Run 'pod install' or update your CocoaPods installation.\" >&2\n    exit 1\nfi\n# This output is used by Xcode 'outputs' to avoid re-running this script phase.\necho \"SUCCESS\" > \"${SCRIPT_OUTPUT_FILE_0}\"\n";
			showEnvVarsInLog = 0;
		};
/* End PBXShellScriptBuildPhase section */

/* Begin PBXSourcesBuildPhase section */
		42486E3C253C1AA900C3BD41 /* Sources */ = {
			isa = PBXSourcesBuildPhase;
			buildActionMask = 2147483647;
			files = (
				4262F0372542C3720065537B /* OrderHistoryViewController.swift in Sources */,
				4262F0492542CBB50065537B /* CardView.swift in Sources */,
				4272F3EB254B00AC008BFE61 /* Utilities.swift in Sources */,
				4276D924255BEB0500804EE8 /* DishesCoreDataEntity+CoreDataProperties.swift in Sources */,
				42426A75254DB9EA00ADC3EA /* DishCategoryCollectionViewCell.swift in Sources */,
				42486E48253C1AA900C3BD41 /* LoginViewController.swift in Sources */,
				4262F0412542C3B90065537B /* CurrentDishesViewController.swift in Sources */,
				4262F07E2542E1930065537B /* SignUpViewController.swift in Sources */,
				4276D909255BE74200804EE8 /* DishesCoredata.xcdatamodeld in Sources */,
				4262F03C2542C3850065537B /* CurrentOrdersViewController.swift in Sources */,
				42D713ED2553108800193A49 /* AccounTableViewCell.swift in Sources */,
				4276D903255BE5BB00804EE8 /* DatabaseController.swift in Sources */,
				42D83C7A25594E3300C4D1F7 /* CustomTextField.swift in Sources */,
				42B9D2F92563E17C0082BE46 /* AccountTableViewImageCell.swift in Sources */,
				42D713DB2552FF3400193A49 /* HomeKitchen.swift in Sources */,
				42BCEEE52553D85500DA7408 /* User.swift in Sources */,
				42D713D625525A2600193A49 /* DishInformation.swift in Sources */,
				4276D923255BEB0500804EE8 /* DishesCoreDataEntity+CoreDataClass.swift in Sources */,
				42C42E54255A75F3004EE40D /* ResponseDelegate.swift in Sources */,
				42486E44253C1AA900C3BD41 /* AppDelegate.swift in Sources */,
				42BCEEEB255445DF00DA7408 /* HomeKitchenFormViewController.swift in Sources */,
				4272F3B7254AA115008BFE61 /* NewDishViewController.swift in Sources */,
				42486E46253C1AA900C3BD41 /* SceneDelegate.swift in Sources */,
				4272F3F0254B0124008BFE61 /* NewDishTableViewCell.swift in Sources */,
				4262F0322542C3560065537B /* AccountDetailsViewController.swift in Sources */,
				42D83C9025597A4A00C4D1F7 /* NewDishCollectionViewCell.swift in Sources */,
				BEC07E1525679EFD009EC62E /* SummaryViewController.swift in Sources */,
				42D189DE25583DFC003CAF5C /* CurrentDishesTableViewCell.swift in Sources */,
				4272F3C9254AF739008BFE61 /* DishResults.swift in Sources */,
				4200207F254E5D6F00C56392 /* CustomConfiguration.swift in Sources */,
				4262F02D2542C0DC0065537B /* Constants.swift in Sources */,
				42D713E525530C7200193A49 /* FormViewController.swift in Sources */,
				4272F3A8254AA04B008BFE61 /* AddDishViewController.swift in Sources */,
			);
			runOnlyForDeploymentPostprocessing = 0;
		};
		42486E52253C1AAA00C3BD41 /* Sources */ = {
			isa = PBXSourcesBuildPhase;
			buildActionMask = 2147483647;
			files = (
				42486E5B253C1AAA00C3BD41 /* KitchenAppTests.swift in Sources */,
			);
			runOnlyForDeploymentPostprocessing = 0;
		};
		42486E5D253C1AAA00C3BD41 /* Sources */ = {
			isa = PBXSourcesBuildPhase;
			buildActionMask = 2147483647;
			files = (
				42486E66253C1AAA00C3BD41 /* KitchenAppUITests.swift in Sources */,
			);
			runOnlyForDeploymentPostprocessing = 0;
		};
/* End PBXSourcesBuildPhase section */

/* Begin PBXTargetDependency section */
		42486E58253C1AAA00C3BD41 /* PBXTargetDependency */ = {
			isa = PBXTargetDependency;
			target = 42486E3F253C1AA900C3BD41 /* KitchenApp */;
			targetProxy = 42486E57253C1AAA00C3BD41 /* PBXContainerItemProxy */;
		};
		42486E63253C1AAA00C3BD41 /* PBXTargetDependency */ = {
			isa = PBXTargetDependency;
			target = 42486E3F253C1AA900C3BD41 /* KitchenApp */;
			targetProxy = 42486E62253C1AAA00C3BD41 /* PBXContainerItemProxy */;
		};
/* End PBXTargetDependency section */

/* Begin PBXVariantGroup section */
		42486E49253C1AA900C3BD41 /* Main.storyboard */ = {
			isa = PBXVariantGroup;
			children = (
				42486E4A253C1AA900C3BD41 /* Base */,
			);
			name = Main.storyboard;
			sourceTree = "<group>";
		};
		42486E4E253C1AAA00C3BD41 /* LaunchScreen.storyboard */ = {
			isa = PBXVariantGroup;
			children = (
				42486E4F253C1AAA00C3BD41 /* Base */,
			);
			name = LaunchScreen.storyboard;
			sourceTree = "<group>";
		};
/* End PBXVariantGroup section */

/* Begin XCBuildConfiguration section */
		42486E68253C1AAA00C3BD41 /* Debug */ = {
			isa = XCBuildConfiguration;
			buildSettings = {
				ALWAYS_SEARCH_USER_PATHS = NO;
				CLANG_ANALYZER_NONNULL = YES;
				CLANG_ANALYZER_NUMBER_OBJECT_CONVERSION = YES_AGGRESSIVE;
				CLANG_CXX_LANGUAGE_STANDARD = "gnu++14";
				CLANG_CXX_LIBRARY = "libc++";
				CLANG_ENABLE_MODULES = YES;
				CLANG_ENABLE_OBJC_ARC = YES;
				CLANG_ENABLE_OBJC_WEAK = YES;
				CLANG_WARN_BLOCK_CAPTURE_AUTORELEASING = YES;
				CLANG_WARN_BOOL_CONVERSION = YES;
				CLANG_WARN_COMMA = YES;
				CLANG_WARN_CONSTANT_CONVERSION = YES;
				CLANG_WARN_DEPRECATED_OBJC_IMPLEMENTATIONS = YES;
				CLANG_WARN_DIRECT_OBJC_ISA_USAGE = YES_ERROR;
				CLANG_WARN_DOCUMENTATION_COMMENTS = YES;
				CLANG_WARN_EMPTY_BODY = YES;
				CLANG_WARN_ENUM_CONVERSION = YES;
				CLANG_WARN_INFINITE_RECURSION = YES;
				CLANG_WARN_INT_CONVERSION = YES;
				CLANG_WARN_NON_LITERAL_NULL_CONVERSION = YES;
				CLANG_WARN_OBJC_IMPLICIT_RETAIN_SELF = YES;
				CLANG_WARN_OBJC_LITERAL_CONVERSION = YES;
				CLANG_WARN_OBJC_ROOT_CLASS = YES_ERROR;
				CLANG_WARN_QUOTED_INCLUDE_IN_FRAMEWORK_HEADER = YES;
				CLANG_WARN_RANGE_LOOP_ANALYSIS = YES;
				CLANG_WARN_STRICT_PROTOTYPES = YES;
				CLANG_WARN_SUSPICIOUS_MOVE = YES;
				CLANG_WARN_UNGUARDED_AVAILABILITY = YES_AGGRESSIVE;
				CLANG_WARN_UNREACHABLE_CODE = YES;
				CLANG_WARN__DUPLICATE_METHOD_MATCH = YES;
				COPY_PHASE_STRIP = NO;
				DEBUG_INFORMATION_FORMAT = dwarf;
				ENABLE_STRICT_OBJC_MSGSEND = YES;
				ENABLE_TESTABILITY = YES;
				GCC_C_LANGUAGE_STANDARD = gnu11;
				GCC_DYNAMIC_NO_PIC = NO;
				GCC_NO_COMMON_BLOCKS = YES;
				GCC_OPTIMIZATION_LEVEL = 0;
				GCC_PREPROCESSOR_DEFINITIONS = (
					"DEBUG=1",
					"$(inherited)",
				);
				GCC_WARN_64_TO_32_BIT_CONVERSION = YES;
				GCC_WARN_ABOUT_RETURN_TYPE = YES_ERROR;
				GCC_WARN_UNDECLARED_SELECTOR = YES;
				GCC_WARN_UNINITIALIZED_AUTOS = YES_AGGRESSIVE;
				GCC_WARN_UNUSED_FUNCTION = YES;
				GCC_WARN_UNUSED_VARIABLE = YES;
				IPHONEOS_DEPLOYMENT_TARGET = 14.0;
				MTL_ENABLE_DEBUG_INFO = INCLUDE_SOURCE;
				MTL_FAST_MATH = YES;
				ONLY_ACTIVE_ARCH = YES;
				SDKROOT = iphoneos;
				SWIFT_ACTIVE_COMPILATION_CONDITIONS = DEBUG;
				SWIFT_OPTIMIZATION_LEVEL = "-Onone";
			};
			name = Debug;
		};
		42486E69253C1AAA00C3BD41 /* Release */ = {
			isa = XCBuildConfiguration;
			buildSettings = {
				ALWAYS_SEARCH_USER_PATHS = NO;
				CLANG_ANALYZER_NONNULL = YES;
				CLANG_ANALYZER_NUMBER_OBJECT_CONVERSION = YES_AGGRESSIVE;
				CLANG_CXX_LANGUAGE_STANDARD = "gnu++14";
				CLANG_CXX_LIBRARY = "libc++";
				CLANG_ENABLE_MODULES = YES;
				CLANG_ENABLE_OBJC_ARC = YES;
				CLANG_ENABLE_OBJC_WEAK = YES;
				CLANG_WARN_BLOCK_CAPTURE_AUTORELEASING = YES;
				CLANG_WARN_BOOL_CONVERSION = YES;
				CLANG_WARN_COMMA = YES;
				CLANG_WARN_CONSTANT_CONVERSION = YES;
				CLANG_WARN_DEPRECATED_OBJC_IMPLEMENTATIONS = YES;
				CLANG_WARN_DIRECT_OBJC_ISA_USAGE = YES_ERROR;
				CLANG_WARN_DOCUMENTATION_COMMENTS = YES;
				CLANG_WARN_EMPTY_BODY = YES;
				CLANG_WARN_ENUM_CONVERSION = YES;
				CLANG_WARN_INFINITE_RECURSION = YES;
				CLANG_WARN_INT_CONVERSION = YES;
				CLANG_WARN_NON_LITERAL_NULL_CONVERSION = YES;
				CLANG_WARN_OBJC_IMPLICIT_RETAIN_SELF = YES;
				CLANG_WARN_OBJC_LITERAL_CONVERSION = YES;
				CLANG_WARN_OBJC_ROOT_CLASS = YES_ERROR;
				CLANG_WARN_QUOTED_INCLUDE_IN_FRAMEWORK_HEADER = YES;
				CLANG_WARN_RANGE_LOOP_ANALYSIS = YES;
				CLANG_WARN_STRICT_PROTOTYPES = YES;
				CLANG_WARN_SUSPICIOUS_MOVE = YES;
				CLANG_WARN_UNGUARDED_AVAILABILITY = YES_AGGRESSIVE;
				CLANG_WARN_UNREACHABLE_CODE = YES;
				CLANG_WARN__DUPLICATE_METHOD_MATCH = YES;
				COPY_PHASE_STRIP = NO;
				DEBUG_INFORMATION_FORMAT = "dwarf-with-dsym";
				ENABLE_NS_ASSERTIONS = NO;
				ENABLE_STRICT_OBJC_MSGSEND = YES;
				GCC_C_LANGUAGE_STANDARD = gnu11;
				GCC_NO_COMMON_BLOCKS = YES;
				GCC_WARN_64_TO_32_BIT_CONVERSION = YES;
				GCC_WARN_ABOUT_RETURN_TYPE = YES_ERROR;
				GCC_WARN_UNDECLARED_SELECTOR = YES;
				GCC_WARN_UNINITIALIZED_AUTOS = YES_AGGRESSIVE;
				GCC_WARN_UNUSED_FUNCTION = YES;
				GCC_WARN_UNUSED_VARIABLE = YES;
				IPHONEOS_DEPLOYMENT_TARGET = 14.0;
				MTL_ENABLE_DEBUG_INFO = NO;
				MTL_FAST_MATH = YES;
				SDKROOT = iphoneos;
				SWIFT_COMPILATION_MODE = wholemodule;
				SWIFT_OPTIMIZATION_LEVEL = "-O";
				VALIDATE_PRODUCT = YES;
			};
			name = Release;
		};
		42486E6B253C1AAA00C3BD41 /* Debug */ = {
			isa = XCBuildConfiguration;
			baseConfigurationReference = A9C80F026371BFD544D509E3 /* Pods-KitchenApp.debug.xcconfig */;
			buildSettings = {
				ASSETCATALOG_COMPILER_APPICON_NAME = AppIcon;
				ASSETCATALOG_COMPILER_GLOBAL_ACCENT_COLOR_NAME = AccentColor;
				CODE_SIGN_STYLE = Automatic;
				DEVELOPMENT_TEAM = 563CV843M8;
				INFOPLIST_FILE = KitchenApp/Info.plist;
				LD_RUNPATH_SEARCH_PATHS = (
					"$(inherited)",
					"@executable_path/Frameworks",
				);
				PRODUCT_BUNDLE_IDENTIFIER = kalpavriksha.onkar.KitchenApp;
				PRODUCT_NAME = "$(TARGET_NAME)";
				SWIFT_VERSION = 5.0;
				TARGETED_DEVICE_FAMILY = "1,2";
			};
			name = Debug;
		};
		42486E6C253C1AAA00C3BD41 /* Release */ = {
			isa = XCBuildConfiguration;
			baseConfigurationReference = 4C1AF183C5CE9DD63EA17CD9 /* Pods-KitchenApp.release.xcconfig */;
			buildSettings = {
				ASSETCATALOG_COMPILER_APPICON_NAME = AppIcon;
				ASSETCATALOG_COMPILER_GLOBAL_ACCENT_COLOR_NAME = AccentColor;
				CODE_SIGN_STYLE = Automatic;
				DEVELOPMENT_TEAM = 563CV843M8;
				INFOPLIST_FILE = KitchenApp/Info.plist;
				LD_RUNPATH_SEARCH_PATHS = (
					"$(inherited)",
					"@executable_path/Frameworks",
				);
				PRODUCT_BUNDLE_IDENTIFIER = kalpavriksha.onkar.KitchenApp;
				PRODUCT_NAME = "$(TARGET_NAME)";
				SWIFT_VERSION = 5.0;
				TARGETED_DEVICE_FAMILY = "1,2";
			};
			name = Release;
		};
		42486E6E253C1AAA00C3BD41 /* Debug */ = {
			isa = XCBuildConfiguration;
			baseConfigurationReference = F730A302D0174ABC57AD07E5 /* Pods-KitchenAppTests.debug.xcconfig */;
			buildSettings = {
				ALWAYS_EMBED_SWIFT_STANDARD_LIBRARIES = YES;
				BUNDLE_LOADER = "$(TEST_HOST)";
				CODE_SIGN_STYLE = Automatic;
				DEVELOPMENT_TEAM = 563CV843M8;
				INFOPLIST_FILE = KitchenAppTests/Info.plist;
				IPHONEOS_DEPLOYMENT_TARGET = 14.0;
				LD_RUNPATH_SEARCH_PATHS = (
					"$(inherited)",
					"@executable_path/Frameworks",
					"@loader_path/Frameworks",
				);
				PRODUCT_BUNDLE_IDENTIFIER = kalpavriksha.onkar.KitchenAppTests;
				PRODUCT_NAME = "$(TARGET_NAME)";
				SWIFT_VERSION = 5.0;
				TARGETED_DEVICE_FAMILY = "1,2";
				TEST_HOST = "$(BUILT_PRODUCTS_DIR)/KitchenApp.app/KitchenApp";
			};
			name = Debug;
		};
		42486E6F253C1AAA00C3BD41 /* Release */ = {
			isa = XCBuildConfiguration;
			baseConfigurationReference = 2D74C0EE69946F789A2A77E4 /* Pods-KitchenAppTests.release.xcconfig */;
			buildSettings = {
				ALWAYS_EMBED_SWIFT_STANDARD_LIBRARIES = YES;
				BUNDLE_LOADER = "$(TEST_HOST)";
				CODE_SIGN_STYLE = Automatic;
				DEVELOPMENT_TEAM = 563CV843M8;
				INFOPLIST_FILE = KitchenAppTests/Info.plist;
				IPHONEOS_DEPLOYMENT_TARGET = 14.0;
				LD_RUNPATH_SEARCH_PATHS = (
					"$(inherited)",
					"@executable_path/Frameworks",
					"@loader_path/Frameworks",
				);
				PRODUCT_BUNDLE_IDENTIFIER = kalpavriksha.onkar.KitchenAppTests;
				PRODUCT_NAME = "$(TARGET_NAME)";
				SWIFT_VERSION = 5.0;
				TARGETED_DEVICE_FAMILY = "1,2";
				TEST_HOST = "$(BUILT_PRODUCTS_DIR)/KitchenApp.app/KitchenApp";
			};
			name = Release;
		};
		42486E71253C1AAA00C3BD41 /* Debug */ = {
			isa = XCBuildConfiguration;
			baseConfigurationReference = DDDEF6CADD8162521C42257A /* Pods-KitchenApp-KitchenAppUITests.debug.xcconfig */;
			buildSettings = {
				ALWAYS_EMBED_SWIFT_STANDARD_LIBRARIES = YES;
				CODE_SIGN_STYLE = Automatic;
				DEVELOPMENT_TEAM = 563CV843M8;
				INFOPLIST_FILE = KitchenAppUITests/Info.plist;
				LD_RUNPATH_SEARCH_PATHS = (
					"$(inherited)",
					"@executable_path/Frameworks",
					"@loader_path/Frameworks",
				);
				PRODUCT_BUNDLE_IDENTIFIER = kalpavriksha.onkar.KitchenAppUITests;
				PRODUCT_NAME = "$(TARGET_NAME)";
				SWIFT_VERSION = 5.0;
				TARGETED_DEVICE_FAMILY = "1,2";
				TEST_TARGET_NAME = KitchenApp;
			};
			name = Debug;
		};
		42486E72253C1AAA00C3BD41 /* Release */ = {
			isa = XCBuildConfiguration;
			baseConfigurationReference = FC10A8C29B14F3862E264F50 /* Pods-KitchenApp-KitchenAppUITests.release.xcconfig */;
			buildSettings = {
				ALWAYS_EMBED_SWIFT_STANDARD_LIBRARIES = YES;
				CODE_SIGN_STYLE = Automatic;
				DEVELOPMENT_TEAM = 563CV843M8;
				INFOPLIST_FILE = KitchenAppUITests/Info.plist;
				LD_RUNPATH_SEARCH_PATHS = (
					"$(inherited)",
					"@executable_path/Frameworks",
					"@loader_path/Frameworks",
				);
				PRODUCT_BUNDLE_IDENTIFIER = kalpavriksha.onkar.KitchenAppUITests;
				PRODUCT_NAME = "$(TARGET_NAME)";
				SWIFT_VERSION = 5.0;
				TARGETED_DEVICE_FAMILY = "1,2";
				TEST_TARGET_NAME = KitchenApp;
			};
			name = Release;
		};
/* End XCBuildConfiguration section */

/* Begin XCConfigurationList section */
		42486E3B253C1AA900C3BD41 /* Build configuration list for PBXProject "KitchenApp" */ = {
			isa = XCConfigurationList;
			buildConfigurations = (
				42486E68253C1AAA00C3BD41 /* Debug */,
				42486E69253C1AAA00C3BD41 /* Release */,
			);
			defaultConfigurationIsVisible = 0;
			defaultConfigurationName = Release;
		};
		42486E6A253C1AAA00C3BD41 /* Build configuration list for PBXNativeTarget "KitchenApp" */ = {
			isa = XCConfigurationList;
			buildConfigurations = (
				42486E6B253C1AAA00C3BD41 /* Debug */,
				42486E6C253C1AAA00C3BD41 /* Release */,
			);
			defaultConfigurationIsVisible = 0;
			defaultConfigurationName = Release;
		};
		42486E6D253C1AAA00C3BD41 /* Build configuration list for PBXNativeTarget "KitchenAppTests" */ = {
			isa = XCConfigurationList;
			buildConfigurations = (
				42486E6E253C1AAA00C3BD41 /* Debug */,
				42486E6F253C1AAA00C3BD41 /* Release */,
			);
			defaultConfigurationIsVisible = 0;
			defaultConfigurationName = Release;
		};
		42486E70253C1AAA00C3BD41 /* Build configuration list for PBXNativeTarget "KitchenAppUITests" */ = {
			isa = XCConfigurationList;
			buildConfigurations = (
				42486E71253C1AAA00C3BD41 /* Debug */,
				42486E72253C1AAA00C3BD41 /* Release */,
			);
			defaultConfigurationIsVisible = 0;
			defaultConfigurationName = Release;
		};
/* End XCConfigurationList section */

/* Begin XCVersionGroup section */
		4276D907255BE74200804EE8 /* DishesCoredata.xcdatamodeld */ = {
			isa = XCVersionGroup;
			children = (
				4276D908255BE74200804EE8 /* Dishes.xcdatamodel */,
			);
			currentVersion = 4276D908255BE74200804EE8 /* Dishes.xcdatamodel */;
			path = DishesCoredata.xcdatamodeld;
			sourceTree = "<group>";
			versionGroupType = wrapper.xcdatamodel;
		};
/* End XCVersionGroup section */
	};
	rootObject = 42486E38253C1AA900C3BD41 /* Project object */;
}
